{
  "projects": [
    {
      "projectId": "cMaVBwcHAKAbUiZW5BBnSf",
      "version": "latest",
      "dependencies": {},
      "lang": "ts",
      "fileLocks": [
        {
          "type": "globalVariant",
          "assetId": "xw-4BtqyeBrD",
          "checksum": "89ffda395707144266087b463161e6e8"
        },
        {
          "type": "renderModule",
          "assetId": "-e-y0VLmjCqc",
          "checksum": "d70bc24332f3252c3e0fe45f72a5aa26"
        },
        {
          "type": "cssRules",
          "assetId": "-e-y0VLmjCqc",
          "checksum": "d70bc24332f3252c3e0fe45f72a5aa26"
        },
        {
          "type": "renderModule",
          "assetId": "8aOTU7GYNG",
          "checksum": "5e3f582ab79cadd6e3cf843775a23377"
        },
        {
          "type": "cssRules",
          "assetId": "8aOTU7GYNG",
          "checksum": "5e3f582ab79cadd6e3cf843775a23377"
        },
        {
          "type": "renderModule",
          "assetId": "KLG_AqYkhWj",
          "checksum": "8d2df48312d0b76a9b985b758a28d7f7"
        },
        {
          "type": "cssRules",
          "assetId": "KLG_AqYkhWj",
          "checksum": "8d2df48312d0b76a9b985b758a28d7f7"
        },
        {
          "type": "renderModule",
          "assetId": "RYSuD0jj_2f",
          "checksum": "2553c17c656433d822ca56ece3a95cfa"
        },
        {
          "type": "cssRules",
          "assetId": "RYSuD0jj_2f",
          "checksum": "2553c17c656433d822ca56ece3a95cfa"
        },
        {
          "type": "renderModule",
          "assetId": "AZZh7FhC7qj",
          "checksum": "dd3ca1a89a1178e6dc3bf9a29ef527b5"
        },
        {
          "type": "cssRules",
          "assetId": "AZZh7FhC7qj",
          "checksum": "dd3ca1a89a1178e6dc3bf9a29ef527b5"
        },
        {
          "type": "renderModule",
          "assetId": "ArgYLLrqxca",
          "checksum": "0cbdd48d32e5809809abd3cf24e8e1c0"
        },
        {
          "type": "cssRules",
          "assetId": "ArgYLLrqxca",
          "checksum": "0cbdd48d32e5809809abd3cf24e8e1c0"
        },
        {
          "type": "renderModule",
          "assetId": "5s3e59b0eE9",
          "checksum": "1bddab4b7d77b9b0222de550600f6ced"
        },
        {
          "type": "cssRules",
          "assetId": "5s3e59b0eE9",
          "checksum": "1bddab4b7d77b9b0222de550600f6ced"
        },
        {
          "type": "renderModule",
          "assetId": "s2Xq9QcLE2p",
          "checksum": "7151a4e719d1825bb881eccb588052ae"
        },
        {
          "type": "cssRules",
          "assetId": "s2Xq9QcLE2p",
          "checksum": "7151a4e719d1825bb881eccb588052ae"
        },
        {
          "assetId": "cMaVBwcHAKAbUiZW5BBnSf",
          "type": "projectCss",
          "checksum": "3d663db564ac30b88462b624e3e5bd94"
        },
        {
          "type": "icon",
          "assetId": "Xg8QjnlUDBQ",
          "checksum": "938ac91c8abee02efafc1f6bba0fc9b7"
        },
        {
          "type": "icon",
          "assetId": "TaoxgNKaCnR",
          "checksum": "4f212fae2d9db34466ff8a59ae69e6f7"
        },
        {
          "type": "icon",
          "assetId": "mU9o3tCmIdm",
          "checksum": "8184eda08fd339fda910a6c2af82c120"
        },
        {
          "type": "icon",
          "assetId": "yayIKaGxSA-",
          "checksum": "098a839257c77af2c863901817ffad47"
        }
      ]
    }
  ],
  "cliVersion": "0.1.157"
}
